// !$*UTF8*$!
{
	archiveVersion = 1;
	classes = {
	};
	objectVersion = 56;
	objects = {

/* Begin PBXBuildFile section */
		BCAFEEAB2AFE9F63008DECF8 /* AppDelegate.swift in Sources */ = {isa = PBXBuildFile; fileRef = BCAFEEAA2AFE9F63008DECF8 /* AppDelegate.swift */; };
		BCAFEEAD2AFE9F63008DECF8 /* SceneDelegate.swift in Sources */ = {isa = PBXBuildFile; fileRef = BCAFEEAC2AFE9F63008DECF8 /* SceneDelegate.swift */; };
		BCAFEEAF2AFE9F63008DECF8 /* WeatherViewController.swift in Sources */ = {isa = PBXBuildFile; fileRef = BCAFEEAE2AFE9F63008DECF8 /* WeatherViewController.swift */; };
		BCAFEEB22AFE9F63008DECF8 /* Main.storyboard in Resources */ = {isa = PBXBuildFile; fileRef = BCAFEEB02AFE9F63008DECF8 /* Main.storyboard */; };
		BCAFEEB42AFE9F64008DECF8 /* Assets.xcassets in Resources */ = {isa = PBXBuildFile; fileRef = BCAFEEB32AFE9F64008DECF8 /* Assets.xcassets */; };
		BCAFEEB72AFE9F64008DECF8 /* LaunchScreen.storyboard in Resources */ = {isa = PBXBuildFile; fileRef = BCAFEEB52AFE9F64008DECF8 /* LaunchScreen.storyboard */; };
		BCAFEEC32AFE9FC6008DECF8 /* Alamofire in Frameworks */ = {isa = PBXBuildFile; productRef = BCAFEEC22AFE9FC6008DECF8 /* Alamofire */; };
		BCAFEEC62AFEA049008DECF8 /* Condition.swift in Sources */ = {isa = PBXBuildFile; fileRef = BCAFEEC52AFEA049008DECF8 /* Condition.swift */; };
		BCAFEEC82AFEA068008DECF8 /* Current.swift in Sources */ = {isa = PBXBuildFile; fileRef = BCAFEEC72AFEA068008DECF8 /* Current.swift */; };
		BCAFEECA2AFEA079008DECF8 /* CurrentWeather.swift in Sources */ = {isa = PBXBuildFile; fileRef = BCAFEEC92AFEA079008DECF8 /* CurrentWeather.swift */; };
		BCAFEECC2AFEA08C008DECF8 /* Location.swift in Sources */ = {isa = PBXBuildFile; fileRef = BCAFEECB2AFEA08C008DECF8 /* Location.swift */; };
/* End PBXBuildFile section */

/* Begin PBXFileReference section */
		BCAFEEA72AFE9F63008DECF8 /* WeatherApp.app */ = {isa = PBXFileReference; explicitFileType = wrapper.application; includeInIndex = 0; path = WeatherApp.app; sourceTree = BUILT_PRODUCTS_DIR; };
		BCAFEEAA2AFE9F63008DECF8 /* AppDelegate.swift */ = {isa = PBXFileReference; lastKnownFileType = sourcecode.swift; path = AppDelegate.swift; sourceTree = "<group>"; };
		BCAFEEAC2AFE9F63008DECF8 /* SceneDelegate.swift */ = {isa = PBXFileReference; lastKnownFileType = sourcecode.swift; path = SceneDelegate.swift; sourceTree = "<group>"; };
		BCAFEEAE2AFE9F63008DECF8 /* WeatherViewController.swift */ = {isa = PBXFileReference; lastKnownFileType = sourcecode.swift; path = WeatherViewController.swift; sourceTree = "<group>"; };
		BCAFEEB12AFE9F63008DECF8 /* Base */ = {isa = PBXFileReference; lastKnownFileType = file.storyboard; name = Base; path = Base.lproj/Main.storyboard; sourceTree = "<group>"; };
		BCAFEEB32AFE9F64008DECF8 /* Assets.xcassets */ = {isa = PBXFileReference; lastKnownFileType = folder.assetcatalog; path = Assets.xcassets; sourceTree = "<group>"; };
		BCAFEEB62AFE9F64008DECF8 /* Base */ = {isa = PBXFileReference; lastKnownFileType = file.storyboard; name = Base; path = Base.lproj/LaunchScreen.storyboard; sourceTree = "<group>"; };
		BCAFEEB82AFE9F64008DECF8 /* Info.plist */ = {isa = PBXFileReference; lastKnownFileType = text.plist.xml; path = Info.plist; sourceTree = "<group>"; };
		BCAFEEC52AFEA049008DECF8 /* Condition.swift */ = {isa = PBXFileReference; lastKnownFileType = sourcecode.swift; path = Condition.swift; sourceTree = "<group>"; };
		BCAFEEC72AFEA068008DECF8 /* Current.swift */ = {isa = PBXFileReference; lastKnownFileType = sourcecode.swift; path = Current.swift; sourceTree = "<group>"; };
		BCAFEEC92AFEA079008DECF8 /* CurrentWeather.swift */ = {isa = PBXFileReference; lastKnownFileType = sourcecode.swift; path = CurrentWeather.swift; sourceTree = "<group>"; };
		BCAFEECB2AFEA08C008DECF8 /* Location.swift */ = {isa = PBXFileReference; lastKnownFileType = sourcecode.swift; path = Location.swift; sourceTree = "<group>"; };
/* End PBXFileReference section */

/* Begin PBXFrameworksBuildPhase section */
		BCAFEEA42AFE9F63008DECF8 /* Frameworks */ = {
			isa = PBXFrameworksBuildPhase;
			buildActionMask = 2147483647;
			files = (
				BCAFEEC32AFE9FC6008DECF8 /* Alamofire in Frameworks */,
			);
			runOnlyForDeploymentPostprocessing = 0;
		};
/* End PBXFrameworksBuildPhase section */

/* Begin PBXGroup section */
		BCAFEE9E2AFE9F63008DECF8 = {
			isa = PBXGroup;
			children = (
				BCAFEEA92AFE9F63008DECF8 /* WeatherApp */,
				BCAFEEA82AFE9F63008DECF8 /* Products */,
			);
			sourceTree = "<group>";
		};
		BCAFEEA82AFE9F63008DECF8 /* Products */ = {
			isa = PBXGroup;
			children = (
				BCAFEEA72AFE9F63008DECF8 /* WeatherApp.app */,
			);
			name = Products;
			sourceTree = "<group>";
		};
		BCAFEEA92AFE9F63008DECF8 /* WeatherApp */ = {
			isa = PBXGroup;
			children = (
				BCAFEEC42AFE9FD1008DECF8 /* Model */,
				BCAFEEBE2AFE9F71008DECF8 /* AppDelegate */,
				BCAFEEBF2AFE9F7C008DECF8 /* Controller */,
				BCAFEEC02AFE9F8C008DECF8 /* View */,
				BCAFEEB32AFE9F64008DECF8 /* Assets.xcassets */,
				BCAFEEB82AFE9F64008DECF8 /* Info.plist */,
			);
			path = WeatherApp;
			sourceTree = "<group>";
		};
		BCAFEEBE2AFE9F71008DECF8 /* AppDelegate */ = {
			isa = PBXGroup;
			children = (
				BCAFEEAA2AFE9F63008DECF8 /* AppDelegate.swift */,
				BCAFEEAC2AFE9F63008DECF8 /* SceneDelegate.swift */,
			);
			path = AppDelegate;
			sourceTree = "<group>";
		};
		BCAFEEBF2AFE9F7C008DECF8 /* Controller */ = {
			isa = PBXGroup;
			children = (
				BCAFEEAE2AFE9F63008DECF8 /* WeatherViewController.swift */,
			);
			path = Controller;
			sourceTree = "<group>";
		};
		BCAFEEC02AFE9F8C008DECF8 /* View */ = {
			isa = PBXGroup;
			children = (
				BCAFEEB52AFE9F64008DECF8 /* LaunchScreen.storyboard */,
				BCAFEEB02AFE9F63008DECF8 /* Main.storyboard */,
			);
			path = View;
			sourceTree = "<group>";
		};
		BCAFEEC42AFE9FD1008DECF8 /* Model */ = {
			isa = PBXGroup;
			children = (
				BCAFEEC52AFEA049008DECF8 /* Condition.swift */,
				BCAFEEC72AFEA068008DECF8 /* Current.swift */,
				BCAFEEC92AFEA079008DECF8 /* CurrentWeather.swift */,
				BCAFEECB2AFEA08C008DECF8 /* Location.swift */,
			);
			path = Model;
			sourceTree = "<group>";
		};
/* End PBXGroup section */

/* Begin PBXNativeTarget section */
		BCAFEEA62AFE9F63008DECF8 /* WeatherApp */ = {
			isa = PBXNativeTarget;
			buildConfigurationList = BCAFEEBB2AFE9F64008DECF8 /* Build configuration list for PBXNativeTarget "WeatherApp" */;
			buildPhases = (
				BCAFEEA32AFE9F63008DECF8 /* Sources */,
				BCAFEEA42AFE9F63008DECF8 /* Frameworks */,
				BCAFEEA52AFE9F63008DECF8 /* Resources */,
			);
			buildRules = (
			);
			dependencies = (
			);
			name = WeatherApp;
			packageProductDependencies = (
				BCAFEEC22AFE9FC6008DECF8 /* Alamofire */,
			);
			productName = WeatherApp;
			productReference = BCAFEEA72AFE9F63008DECF8 /* WeatherApp.app */;
			productType = "com.apple.product-type.application";
		};
/* End PBXNativeTarget section */

/* Begin PBXProject section */
		BCAFEE9F2AFE9F63008DECF8 /* Project object */ = {
			isa = PBXProject;
			attributes = {
				BuildIndependentTargetsInParallel = 1;
				LastSwiftUpdateCheck = 1500;
				LastUpgradeCheck = 1500;
				TargetAttributes = {
					BCAFEEA62AFE9F63008DECF8 = {
						CreatedOnToolsVersion = 15.0.1;
					};
				};
			};
			buildConfigurationList = BCAFEEA22AFE9F63008DECF8 /* Build configuration list for PBXProject "WeatherApp" */;
			compatibilityVersion = "Xcode 14.0";
			developmentRegion = en;
			hasScannedForEncodings = 0;
			knownRegions = (
				en,
				Base,
			);
			mainGroup = BCAFEE9E2AFE9F63008DECF8;
			packageReferences = (
				BCAFEEC12AFE9FC5008DECF8 /* XCRemoteSwiftPackageReference "Alamofire" */,
			);
			productRefGroup = BCAFEEA82AFE9F63008DECF8 /* Products */;
			projectDirPath = "";
			projectRoot = "";
			targets = (
				BCAFEEA62AFE9F63008DECF8 /* WeatherApp */,
			);
		};
/* End PBXProject section */

/* Begin PBXResourcesBuildPhase section */
		BCAFEEA52AFE9F63008DECF8 /* Resources */ = {
			isa = PBXResourcesBuildPhase;
			buildActionMask = 2147483647;
			files = (
				BCAFEEB72AFE9F64008DECF8 /* LaunchScreen.storyboard in Resources */,
				BCAFEEB42AFE9F64008DECF8 /* Assets.xcassets in Resources */,
				BCAFEEB22AFE9F63008DECF8 /* Main.storyboard in Resources */,
			);
			runOnlyForDeploymentPostprocessing = 0;
		};
/* End PBXResourcesBuildPhase section */

/* Begin PBXSourcesBuildPhase section */
		BCAFEEA32AFE9F63008DECF8 /* Sources */ = {
			isa = PBXSourcesBuildPhase;
			buildActionMask = 2147483647;
			files = (
				BCAFEEAF2AFE9F63008DECF8 /* WeatherViewController.swift in Sources */,
				BCAFEEC82AFEA068008DECF8 /* Current.swift in Sources */,
				BCAFEEC62AFEA049008DECF8 /* Condition.swift in Sources */,
				BCAFEEAB2AFE9F63008DECF8 /* AppDelegate.swift in Sources */,
				BCAFEECA2AFEA079008DECF8 /* CurrentWeather.swift in Sources */,
				BCAFEEAD2AFE9F63008DECF8 /* SceneDelegate.swift in Sources */,
				BCAFEECC2AFEA08C008DECF8 /* Location.swift in Sources */,
			);
			runOnlyForDeploymentPostprocessing = 0;
		};
/* End PBXSourcesBuildPhase section */

/* Begin PBXVariantGroup section */
		BCAFEEB02AFE9F63008DECF8 /* Main.storyboard */ = {
			isa = PBXVariantGroup;
			children = (
				BCAFEEB12AFE9F63008DECF8 /* Base */,
			);
			name = Main.storyboard;
			sourceTree = "<group>";
		};
		BCAFEEB52AFE9F64008DECF8 /* LaunchScreen.storyboard */ = {
			isa = PBXVariantGroup;
			children = (
				BCAFEEB62AFE9F64008DECF8 /* Base */,
			);
			name = LaunchScreen.storyboard;
			sourceTree = "<group>";
		};
/* End PBXVariantGroup section */

/* Begin XCBuildConfiguration section */
		BCAFEEB92AFE9F64008DECF8 /* Debug */ = {
			isa = XCBuildConfiguration;
			buildSettings = {
				ALWAYS_SEARCH_USER_PATHS = NO;
				ASSETCATALOG_COMPILER_GENERATE_SWIFT_ASSET_SYMBOL_EXTENSIONS = YES;
				CLANG_ANALYZER_NONNULL = YES;
				CLANG_ANALYZER_NUMBER_OBJECT_CONVERSION = YES_AGGRESSIVE;
				CLANG_CXX_LANGUAGE_STANDARD = "gnu++20";
				CLANG_ENABLE_MODULES = YES;
				CLANG_ENABLE_OBJC_ARC = YES;
				CLANG_ENABLE_OBJC_WEAK = YES;
				CLANG_WARN_BLOCK_CAPTURE_AUTORELEASING = YES;
				CLANG_WARN_BOOL_CONVERSION = YES;
				CLANG_WARN_COMMA = YES;
				CLANG_WARN_CONSTANT_CONVERSION = YES;
				CLANG_WARN_DEPRECATED_OBJC_IMPLEMENTATIONS = YES;
				CLANG_WARN_DIRECT_OBJC_ISA_USAGE = YES_ERROR;
				CLANG_WARN_DOCUMENTATION_COMMENTS = YES;
				CLANG_WARN_EMPTY_BODY = YES;
				CLANG_WARN_ENUM_CONVERSION = YES;
				CLANG_WARN_INFINITE_RECURSION = YES;
				CLANG_WARN_INT_CONVERSION = YES;
				CLANG_WARN_NON_LITERAL_NULL_CONVERSION = YES;
				CLANG_WARN_OBJC_IMPLICIT_RETAIN_SELF = YES;
				CLANG_WARN_OBJC_LITERAL_CONVERSION = YES;
				CLANG_WARN_OBJC_ROOT_CLASS = YES_ERROR;
				CLANG_WARN_QUOTED_INCLUDE_IN_FRAMEWORK_HEADER = YES;
				CLANG_WARN_RANGE_LOOP_ANALYSIS = YES;
				CLANG_WARN_STRICT_PROTOTYPES = YES;
				CLANG_WARN_SUSPICIOUS_MOVE = YES;
				CLANG_WARN_UNGUARDED_AVAILABILITY = YES_AGGRESSIVE;
				CLANG_WARN_UNREACHABLE_CODE = YES;
				CLANG_WARN__DUPLICATE_METHOD_MATCH = YES;
				COPY_PHASE_STRIP = NO;
				DEBUG_INFORMATION_FORMAT = dwarf;
				ENABLE_STRICT_OBJC_MSGSEND = YES;
				ENABLE_TESTABILITY = YES;
				ENABLE_USER_SCRIPT_SANDBOXING = YES;
				GCC_C_LANGUAGE_STANDARD = gnu17;
				GCC_DYNAMIC_NO_PIC = NO;
				GCC_NO_COMMON_BLOCKS = YES;
				GCC_OPTIMIZATION_LEVEL = 0;
				GCC_PREPROCESSOR_DEFINITIONS = (
					"DEBUG=1",
					"$(inherited)",
				);
				GCC_WARN_64_TO_32_BIT_CONVERSION = YES;
				GCC_WARN_ABOUT_RETURN_TYPE = YES_ERROR;
				GCC_WARN_UNDECLARED_SELECTOR = YES;
				GCC_WARN_UNINITIALIZED_AUTOS = YES_AGGRESSIVE;
				GCC_WARN_UNUSED_FUNCTION = YES;
				GCC_WARN_UNUSED_VARIABLE = YES;
				IPHONEOS_DEPLOYMENT_TARGET = 17.0;
				LOCALIZATION_PREFERS_STRING_CATALOGS = YES;
				MTL_ENABLE_DEBUG_INFO = INCLUDE_SOURCE;
				MTL_FAST_MATH = YES;
				ONLY_ACTIVE_ARCH = YES;
				SDKROOT = iphoneos;
				SWIFT_ACTIVE_COMPILATION_CONDITIONS = "DEBUG $(inherited)";
				SWIFT_OPTIMIZATION_LEVEL = "-Onone";
			};
			name = Debug;
		};
		BCAFEEBA2AFE9F64008DECF8 /* Release */ = {
			isa = XCBuildConfiguration;
			buildSettings = {
				ALWAYS_SEARCH_USER_PATHS = NO;
				ASSETCATALOG_COMPILER_GENERATE_SWIFT_ASSET_SYMBOL_EXTENSIONS = YES;
				CLANG_ANALYZER_NONNULL = YES;
				CLANG_ANALYZER_NUMBER_OBJECT_CONVERSION = YES_AGGRESSIVE;
				CLANG_CXX_LANGUAGE_STANDARD = "gnu++20";
				CLANG_ENABLE_MODULES = YES;
				CLANG_ENABLE_OBJC_ARC = YES;
				CLANG_ENABLE_OBJC_WEAK = YES;
				CLANG_WARN_BLOCK_CAPTURE_AUTORELEASING = YES;
				CLANG_WARN_BOOL_CONVERSION = YES;
				CLANG_WARN_COMMA = YES;
				CLANG_WARN_CONSTANT_CONVERSION = YES;
				CLANG_WARN_DEPRECATED_OBJC_IMPLEMENTATIONS = YES;
				CLANG_WARN_DIRECT_OBJC_ISA_USAGE = YES_ERROR;
				CLANG_WARN_DOCUMENTATION_COMMENTS = YES;
				CLANG_WARN_EMPTY_BODY = YES;
				CLANG_WARN_ENUM_CONVERSION = YES;
				CLANG_WARN_INFINITE_RECURSION = YES;
				CLANG_WARN_INT_CONVERSION = YES;
				CLANG_WARN_NON_LITERAL_NULL_CONVERSION = YES;
				CLANG_WARN_OBJC_IMPLICIT_RETAIN_SELF = YES;
				CLANG_WARN_OBJC_LITERAL_CONVERSION = YES;
				CLANG_WARN_OBJC_ROOT_CLASS = YES_ERROR;
				CLANG_WARN_QUOTED_INCLUDE_IN_FRAMEWORK_HEADER = YES;
				CLANG_WARN_RANGE_LOOP_ANALYSIS = YES;
				CLANG_WARN_STRICT_PROTOTYPES = YES;
				CLANG_WARN_SUSPICIOUS_MOVE = YES;
				CLANG_WARN_UNGUARDED_AVAILABILITY = YES_AGGRESSIVE;
				CLANG_WARN_UNREACHABLE_CODE = YES;
				CLANG_WARN__DUPLICATE_METHOD_MATCH = YES;
				COPY_PHASE_STRIP = NO;
				DEBUG_INFORMATION_FORMAT = "dwarf-with-dsym";
				ENABLE_NS_ASSERTIONS = NO;
				ENABLE_STRICT_OBJC_MSGSEND = YES;
				ENABLE_USER_SCRIPT_SANDBOXING = YES;
				GCC_C_LANGUAGE_STANDARD = gnu17;
				GCC_NO_COMMON_BLOCKS = YES;
				GCC_WARN_64_TO_32_BIT_CONVERSION = YES;
				GCC_WARN_ABOUT_RETURN_TYPE = YES_ERROR;
				GCC_WARN_UNDECLARED_SELECTOR = YES;
				GCC_WARN_UNINITIALIZED_AUTOS = YES_AGGRESSIVE;
				GCC_WARN_UNUSED_FUNCTION = YES;
				GCC_WARN_UNUSED_VARIABLE = YES;
				IPHONEOS_DEPLOYMENT_TARGET = 17.0;
				LOCALIZATION_PREFERS_STRING_CATALOGS = YES;
				MTL_ENABLE_DEBUG_INFO = NO;
				MTL_FAST_MATH = YES;
				SDKROOT = iphoneos;
				SWIFT_COMPILATION_MODE = wholemodule;
				VALIDATE_PRODUCT = YES;
			};
			name = Release;
		};
		BCAFEEBC2AFE9F64008DECF8 /* Debug */ = {
			isa = XCBuildConfiguration;
			buildSettings = {
				ASSETCATALOG_COMPILER_APPICON_NAME = AppIcon;
				ASSETCATALOG_COMPILER_GLOBAL_ACCENT_COLOR_NAME = AccentColor;
				CODE_SIGN_STYLE = Automatic;
				CURRENT_PROJECT_VERSION = 1;
				DEVELOPMENT_TEAM = G5BSGM35FT;
				GENERATE_INFOPLIST_FILE = YES;
				INFOPLIST_FILE = WeatherApp/Info.plist;
				INFOPLIST_KEY_NSLocationWhenInUseUsageDescription = "We need your location to tell what's the weather like";
				INFOPLIST_KEY_UIApplicationSupportsIndirectInputEvents = YES;
				INFOPLIST_KEY_UILaunchStoryboardName = LaunchScreen;
				INFOPLIST_KEY_UIMainStoryboardFile = Main;
				INFOPLIST_KEY_UISupportedInterfaceOrientations_iPad = "UIInterfaceOrientationPortrait UIInterfaceOrientationPortraitUpsideDown UIInterfaceOrientationLandscapeLeft UIInterfaceOrientationLandscapeRight";
				INFOPLIST_KEY_UISupportedInterfaceOrientations_iPhone = "UIInterfaceOrientationPortrait UIInterfaceOrientationLandscapeLeft UIInterfaceOrientationLandscapeRight";
				LD_RUNPATH_SEARCH_PATHS = (
					"$(inherited)",
					"@executable_path/Frameworks",
				);
				MARKETING_VERSION = 1.0;
				PRODUCT_BUNDLE_IDENTIFIER = com.gytisptasinskas.WeatherApp;
				PRODUCT_NAME = "$(TARGET_NAME)";
				SWIFT_EMIT_LOC_STRINGS = YES;
				SWIFT_VERSION = 5.0;
				TARGETED_DEVICE_FAMILY = "1,2";
			};
			name = Debug;
		};
		BCAFEEBD2AFE9F64008DECF8 /* Release */ = {
			isa = XCBuildConfiguration;
			buildSettings = {
				ASSETCATALOG_COMPILER_APPICON_NAME = AppIcon;
				ASSETCATALOG_COMPILER_GLOBAL_ACCENT_COLOR_NAME = AccentColor;
				CODE_SIGN_STYLE = Automatic;
				CURRENT_PROJECT_VERSION = 1;
				DEVELOPMENT_TEAM = G5BSGM35FT;
				GENERATE_INFOPLIST_FILE = YES;
				INFOPLIST_FILE = WeatherApp/Info.plist;
				INFOPLIST_KEY_NSLocationWhenInUseUsageDescription = "We need your location to tell what's the weather like";
				INFOPLIST_KEY_UIApplicationSupportsIndirectInputEvents = YES;
				INFOPLIST_KEY_UILaunchStoryboardName = LaunchScreen;
				INFOPLIST_KEY_UIMainStoryboardFile = Main;
				INFOPLIST_KEY_UISupportedInterfaceOrientations_iPad = "UIInterfaceOrientationPortrait UIInterfaceOrientationPortraitUpsideDown UIInterfaceOrientationLandscapeLeft UIInterfaceOrientationLandscapeRight";
				INFOPLIST_KEY_UISupportedInterfaceOrientations_iPhone = "UIInterfaceOrientationPortrait UIInterfaceOrientationLandscapeLeft UIInterfaceOrientationLandscapeRight";
				LD_RUNPATH_SEARCH_PATHS = (
					"$(inherited)",
					"@executable_path/Frameworks",
				);
				MARKETING_VERSION = 1.0;
				PRODUCT_BUNDLE_IDENTIFIER = com.gytisptasinskas.WeatherApp;
				PRODUCT_NAME = "$(TARGET_NAME)";
				SWIFT_EMIT_LOC_STRINGS = YES;
				SWIFT_VERSION = 5.0;
				TARGETED_DEVICE_FAMILY = "1,2";
			};
			name = Release;
		};
/* End XCBuildConfiguration section */

/* Begin XCConfigurationList section */
		BCAFEEA22AFE9F63008DECF8 /* Build configuration list for PBXProject "WeatherApp" */ = {
			isa = XCConfigurationList;
			buildConfigurations = (
				BCAFEEB92AFE9F64008DECF8 /* Debug */,
				BCAFEEBA2AFE9F64008DECF8 /* Release */,
			);
			defaultConfigurationIsVisible = 0;
			defaultConfigurationName = Release;
		};
		BCAFEEBB2AFE9F64008DECF8 /* Build configuration list for PBXNativeTarget "WeatherApp" */ = {
			isa = XCConfigurationList;
			buildConfigurations = (
				BCAFEEBC2AFE9F64008DECF8 /* Debug */,
				BCAFEEBD2AFE9F64008DECF8 /* Release */,
			);
			defaultConfigurationIsVisible = 0;
			defaultConfigurationName = Release;
		};
/* End XCConfigurationList section */

/* Begin XCRemoteSwiftPackageReference section */
		BCAFEEC12AFE9FC5008DECF8 /* XCRemoteSwiftPackageReference "Alamofire" */ = {
			isa = XCRemoteSwiftPackageReference;
			repositoryURL = "https://github.com/Alamofire/Alamofire.git";
			requirement = {
				kind = upToNextMajorVersion;
				minimumVersion = 5.8.1;
			};
		};
/* End XCRemoteSwiftPackageReference section */

/* Begin XCSwiftPackageProductDependency section */
		BCAFEEC22AFE9FC6008DECF8 /* Alamofire */ = {
			isa = XCSwiftPackageProductDependency;
			package = BCAFEEC12AFE9FC5008DECF8 /* XCRemoteSwiftPackageReference "Alamofire" */;
			productName = Alamofire;
		};
/* End XCSwiftPackageProductDependency section */
	};
	rootObject = BCAFEE9F2AFE9F63008DECF8 /* Project object */;
}
